PODS:
  - GoogleAPIClientForREST/Core (1.2.1):
    - GTMSessionFetcher (>= 1.1.7)
  - GoogleAPIClientForREST/YouTube (1.2.1):
    - GoogleAPIClientForREST/Core
    - GTMSessionFetcher (>= 1.1.7)
  - GTMSessionFetcher (1.2.0):
    - GTMSessionFetcher/Full (= 1.2.0)
  - GTMSessionFetcher/Core (1.2.0)
  - GTMSessionFetcher/Full (1.2.0):
    - GTMSessionFetcher/Core (= 1.2.0)

DEPENDENCIES:
  - GoogleAPIClientForREST/YouTube (~> 1.2.1)

SPEC REPOS:
  https://github.com/cocoapods/specs.git:
    - GoogleAPIClientForREST
    - GTMSessionFetcher

SPEC CHECKSUMS:
  GoogleAPIClientForREST: a8b95a252014ce2e618df6b75dc72eca2c00b4af
  GTMSessionFetcher: 0c4baf0a73acd0041bf9f71ea018deedab5ea84e

PODFILE CHECKSUM: 3bf29b9d39ceeaf4b75cbf9c9eb5e801e9d0f2fe

COCOAPODS: 1.5.3
